
Microsoft Visual Studio Solution File, Format Version 12.00
# Visual Studio 15
VisualStudioVersion = 15.0.28010.2036
MinimumVisualStudioVersion = 10.0.40219.1
Project("{FAE04EC0-301F-11D3-BF4B-00C04F79EFBC}") = "App.Common", "App.Common\App.Common.csproj", "{50777A16-B198-47C9-9510-5B2C50C7B48A}"
EndProject
Project("{FAE04EC0-301F-11D3-BF4B-00C04F79EFBC}") = "App.WebTest", "App.WebTest\App.WebTest.csproj", "{AC647A8A-15B3-47EA-970B-68C76AA6AEDE}"
EndProject
Project("{FAE04EC0-301F-11D3-BF4B-00C04F79EFBC}") = "App.Pay", "App.Pay\App.Pay.csproj", "{97617EB9-9E25-4819-8729-E98AF6B3D297}"
EndProject
Global
	GlobalSection(SolutionConfigurationPlatforms) = preSolution
		Debug|Any CPU = Debug|Any CPU
		Release|Any CPU = Release|Any CPU
	EndGlobalSection
	GlobalSection(ProjectConfigurationPlatforms) = postSolution
		{50777A16-B198-47C9-9510-5B2C50C7B48A}.Debug|Any CPU.ActiveCfg = Debug|Any CPU
		{50777A16-B198-47C9-9510-5B2C50C7B48A}.Debug|Any CPU.Build.0 = Debug|Any CPU
		{50777A16-B198-47C9-9510-5B2C50C7B48A}.Release|Any CPU.ActiveCfg = Release|Any CPU
		{50777A16-B198-47C9-9510-5B2C50C7B48A}.Release|Any CPU.Build.0 = Release|Any CPU
		{AC647A8A-15B3-47EA-970B-68C76AA6AEDE}.Debug|Any CPU.ActiveCfg = Debug|Any CPU
		{AC647A8A-15B3-47EA-970B-68C76AA6AEDE}.Debug|Any CPU.Build.0 = Debug|Any CPU
		{AC647A8A-15B3-47EA-970B-68C76AA6AEDE}.Release|Any CPU.ActiveCfg = Release|Any CPU
		{AC647A8A-15B3-47EA-970B-68C76AA6AEDE}.Release|Any CPU.Build.0 = Release|Any CPU
		{97617EB9-9E25-4819-8729-E98AF6B3D297}.Debug|Any CPU.ActiveCfg = Debug|Any CPU
		{97617EB9-9E25-4819-8729-E98AF6B3D297}.Debug|Any CPU.Build.0 = Debug|Any CPU
		{97617EB9-9E25-4819-8729-E98AF6B3D297}.Release|Any CPU.ActiveCfg = Release|Any CPU
		{97617EB9-9E25-4819-8729-E98AF6B3D297}.Release|Any CPU.Build.0 = Release|Any CPU
	EndGlobalSection
	GlobalSection(SolutionProperties) = preSolution
		HideSolutionNode = FALSE
	EndGlobalSection
	GlobalSection(ExtensibilityGlobals) = postSolution
		SolutionGuid = {25D489C7-A7CD-4A83-A7DA-D3F51DA4ADD5}
	EndGlobalSection
EndGlobal
